{
  "version": 4,
  "terraform_version": "1.9.5",
  "serial": 48,
  "lineage": "463281c4-d5f2-7aab-7fdd-887d2de7e35f",
  "outputs": {
    "instance_public_dns": {
      "value": "ec2-3-87-187-110.compute-1.amazonaws.com",
      "type": "string"
    },
    "ubuntu-instance_id": {
      "value": "i-0b8c89d1721ed80ed",
      "type": "string"
    },
    "ubuntu-instance_public_ip": {
      "value": "3.87.187.110",
      "type": "string"
    }
  },
  "resources": [
    {
      "mode": "managed",
      "type": "aws_instance",
      "name": "ubuntu-instance",
      "provider": "provider[\"registry.terraform.io/hashicorp/aws\"]",
      "instances": [
        {
          "schema_version": 1,
          "attributes": {
            "ami": "ami-0866a3c8686eaeeba",
            "arn": "arn:aws:ec2:us-east-1:225989354889:instance/i-0b8c89d1721ed80ed",
            "associate_public_ip_address": true,
            "availability_zone": "us-east-1a",
            "capacity_reservation_specification": [
              {
                "capacity_reservation_preference": "open",
                "capacity_reservation_target": []
              }
            ],
            "cpu_core_count": 1,
            "cpu_options": [
              {
                "amd_sev_snp": "",
                "core_count": 1,
                "threads_per_core": 1
              }
            ],
            "cpu_threads_per_core": 1,
            "credit_specification": [
              {
                "cpu_credits": "standard"
              }
            ],
            "disable_api_stop": false,
            "disable_api_termination": false,
            "ebs_block_device": [],
            "ebs_optimized": false,
            "enclave_options": [
              {
                "enabled": false
              }
            ],
            "ephemeral_block_device": [],
            "get_password_data": false,
            "hibernation": false,
            "host_id": "",
            "host_resource_group_arn": null,
            "iam_instance_profile": "",
            "id": "i-0b8c89d1721ed80ed",
            "instance_initiated_shutdown_behavior": "stop",
            "instance_lifecycle": "",
            "instance_market_options": [],
            "instance_state": "running",
            "instance_type": "t2.micro",
            "ipv6_address_count": 0,
            "ipv6_addresses": [],
            "key_name": "mykey",
            "launch_template": [],
            "maintenance_options": [
              {
                "auto_recovery": "default"
              }
            ],
            "metadata_options": [
              {
                "http_endpoint": "enabled",
                "http_protocol_ipv6": "disabled",
                "http_put_response_hop_limit": 2,
                "http_tokens": "required",
                "instance_metadata_tags": "disabled"
              }
            ],
            "monitoring": false,
            "network_interface": [],
            "outpost_arn": "",
            "password_data": "",
            "placement_group": "",
            "placement_partition_number": 0,
            "primary_network_interface_id": "eni-0ff08391769bde7ee",
            "private_dns": "ip-10-0-0-121.ec2.internal",
            "private_dns_name_options": [
              {
                "enable_resource_name_dns_a_record": false,
                "enable_resource_name_dns_aaaa_record": false,
                "hostname_type": "ip-name"
              }
            ],
            "private_ip": "10.0.0.121",
            "public_dns": "ec2-3-87-187-110.compute-1.amazonaws.com",
            "public_ip": "3.87.187.110",
            "root_block_device": [
              {
                "delete_on_termination": true,
                "device_name": "/dev/sda1",
                "encrypted": false,
                "iops": 3000,
                "kms_key_id": "",
                "tags": {},
                "tags_all": {},
                "throughput": 125,
                "volume_id": "vol-03485a1be1189d790",
                "volume_size": 8,
                "volume_type": "gp3"
              }
            ],
            "secondary_private_ips": [],
            "security_groups": [],
            "source_dest_check": true,
            "spot_instance_request_id": "",
            "subnet_id": "subnet-02b546575122cc8bd",
            "tags": {
              "Environment": "DEPI",
              "Name": "Python-App-Server",
              "Owner": "Ibrahim Aamer"
            },
            "tags_all": {
              "Environment": "DEPI",
              "Name": "Python-App-Server",
              "Owner": "Ibrahim Aamer"
            },
            "tenancy": "default",
            "timeouts": null,
            "user_data": "48683f1e483b29aabb06fd35689b6f766a23ff6e",
            "user_data_base64": null,
            "user_data_replace_on_change": false,
            "volume_tags": null,
            "vpc_security_group_ids": [
              "sg-091fc120c5133d054"
            ]
          },
          "sensitive_attributes": [],
          "private": "eyJlMmJmYjczMC1lY2FhLTExZTYtOGY4OC0zNDM2M2JjN2M0YzAiOnsiY3JlYXRlIjo2MDAwMDAwMDAwMDAsImRlbGV0ZSI6MTIwMDAwMDAwMDAwMCwicmVhZCI6OTAwMDAwMDAwMDAwLCJ1cGRhdGUiOjYwMDAwMDAwMDAwMH0sInNjaGVtYV92ZXJzaW9uIjoiMSJ9",
          "dependencies": [
            "aws_key_pair.UbuntuKP",
            "aws_security_group.UbuntuSG",
            "aws_subnet.subnet_public_1",
            "aws_vpc.main_vpc",
            "tls_private_key.pk"
          ]
        }
      ]
    },
    {
      "mode": "managed",
      "type": "aws_internet_gateway",
      "name": "igw",
      "provider": "provider[\"registry.terraform.io/hashicorp/aws\"]",
      "instances": [
        {
          "schema_version": 0,
          "attributes": {
            "arn": "arn:aws:ec2:us-east-1:225989354889:internet-gateway/igw-0884519b8478b696c",
            "id": "igw-0884519b8478b696c",
            "owner_id": "225989354889",
            "tags": {
              "Environment": "DEPI",
              "Name": "main_igw",
              "Owner": "Ibrahim Aamer"
            },
            "tags_all": {
              "Environment": "DEPI",
              "Name": "main_igw",
              "Owner": "Ibrahim Aamer"
            },
            "timeouts": null,
            "vpc_id": "vpc-0c1701854b7c563a8"
          },
          "sensitive_attributes": [],
          "private": "eyJlMmJmYjczMC1lY2FhLTExZTYtOGY4OC0zNDM2M2JjN2M0YzAiOnsiY3JlYXRlIjoxMjAwMDAwMDAwMDAwLCJkZWxldGUiOjEyMDAwMDAwMDAwMDAsInVwZGF0ZSI6MTIwMDAwMDAwMDAwMH19",
          "dependencies": [
            "aws_vpc.main_vpc"
          ]
        }
      ]
    },
    {
      "mode": "managed",
      "type": "aws_key_pair",
      "name": "UbuntuKP",
      "provider": "provider[\"registry.terraform.io/hashicorp/aws\"]",
      "instances": [
        {
          "schema_version": 1,
          "attributes": {
            "arn": "arn:aws:ec2:us-east-1:225989354889:key-pair/mykey",
            "fingerprint": "ba:9b:4b:29:e4:19:fc:c9:96:20:9a:41:81:0f:34:0c",
            "id": "mykey",
            "key_name": "mykey",
            "key_name_prefix": "",
            "key_pair_id": "key-0cdeb835cf16e34e2",
            "key_type": "rsa",
            "public_key": "ssh-rsa AAAAB3NzaC1yc2EAAAADAQABAAACAQC5qLYxi3QAGPX8NNyAM+zbRQoODRKNYM+uCVBT1+Biu2yZmNl/Pht0ZAoEjp7URNOIASHXywWeenlG85w+sWVIxQNjC39Z77HOFbAqTygvJIpxrc851LNG8XvJ80FDUXXwlgPL+GuuHfC8Wx8i1P7aEzgF7rVM1t0XvfpP+djg0ZOwAZ57hbzTQfUz7B24wF/I65+3u3fYCaY0lTYq4jZPCWLCkcC4mt2tWEqQwJDa7Tu8i7x7FySqTh7IwjzRKQNyWgZiDJ4rLMovZYiJBbp6SQ3UnIY8/MO03JePZCOX6TIrs/4N/DoAZ6zxJhgucWQqYGNiYEDBQMACc9/OK8p2FcGTYUi9L03aJd9+tnOi4/LLpgYpYJyk7ew+KTxOQdK/DhUyeGHIc7RGx3R/BZ6/aXDhA31nV5f74IbdWdNE6KKjBWbC8pVtDHe0PvxMvnyYgqJTN+/4Rz6gZuPmeu/zvVfonxZY6JnHGE7EdK7F3jvP38dB5a20/jG7v+J28ERPgsK/Mb07AiYmNiKvUeV1+MWSSQMQ3HKwOVkrD1s0hXb57pxFe28Xb0ZKqoMYXUnGof1CR41245uzkLPP3TQWbkeXWqkCPdePAaxBB+CyhPCwYpXzaZxPvDm0pERDpebCVmj+6R7F5BP7JZ2LZUZrKS6MmPTYLy/lFpJMqb6xfw==",
            "tags": null,
            "tags_all": {}
          },
          "sensitive_attributes": [],
          "private": "eyJzY2hlbWFfdmVyc2lvbiI6IjEifQ==",
          "dependencies": [
            "tls_private_key.pk"
          ]
        }
      ]
    },
    {
      "mode": "managed",
      "type": "aws_route_table",
      "name": "public_route_table",
      "provider": "provider[\"registry.terraform.io/hashicorp/aws\"]",
      "instances": [
        {
          "schema_version": 0,
          "attributes": {
            "arn": "arn:aws:ec2:us-east-1:225989354889:route-table/rtb-086ea8692719ae677",
            "id": "rtb-086ea8692719ae677",
            "owner_id": "225989354889",
            "propagating_vgws": [],
            "route": [
              {
                "carrier_gateway_id": "",
                "cidr_block": "0.0.0.0/0",
                "core_network_arn": "",
                "destination_prefix_list_id": "",
                "egress_only_gateway_id": "",
                "gateway_id": "igw-0884519b8478b696c",
                "ipv6_cidr_block": "",
                "local_gateway_id": "",
                "nat_gateway_id": "",
                "network_interface_id": "",
                "transit_gateway_id": "",
                "vpc_endpoint_id": "",
                "vpc_peering_connection_id": ""
              }
            ],
            "tags": {
              "Environment": "DEPI",
              "Name": "public_route_table",
              "Owner": "Ibrahim Aamer"
            },
            "tags_all": {
              "Environment": "DEPI",
              "Name": "public_route_table",
              "Owner": "Ibrahim Aamer"
            },
            "timeouts": null,
            "vpc_id": "vpc-0c1701854b7c563a8"
          },
          "sensitive_attributes": [],
          "private": "eyJlMmJmYjczMC1lY2FhLTExZTYtOGY4OC0zNDM2M2JjN2M0YzAiOnsiY3JlYXRlIjozMDAwMDAwMDAwMDAsImRlbGV0ZSI6MzAwMDAwMDAwMDAwLCJ1cGRhdGUiOjEyMDAwMDAwMDAwMH19",
          "dependencies": [
            "aws_internet_gateway.igw",
            "aws_vpc.main_vpc"
          ]
        }
      ]
    },
    {
      "mode": "managed",
      "type": "aws_route_table_association",
      "name": "public_route_table_association_1",
      "provider": "provider[\"registry.terraform.io/hashicorp/aws\"]",
      "instances": [
        {
          "schema_version": 0,
          "attributes": {
            "gateway_id": "",
            "id": "rtbassoc-01a77651b80d1f4a1",
            "route_table_id": "rtb-086ea8692719ae677",
            "subnet_id": "subnet-02b546575122cc8bd",
            "timeouts": null
          },
          "sensitive_attributes": [],
          "private": "eyJlMmJmYjczMC1lY2FhLTExZTYtOGY4OC0zNDM2M2JjN2M0YzAiOnsiY3JlYXRlIjozMDAwMDAwMDAwMDAsImRlbGV0ZSI6MzAwMDAwMDAwMDAwLCJ1cGRhdGUiOjEyMDAwMDAwMDAwMH19",
          "dependencies": [
            "aws_internet_gateway.igw",
            "aws_route_table.public_route_table",
            "aws_subnet.subnet_public_1",
            "aws_vpc.main_vpc"
          ]
        }
      ]
    },
    {
      "mode": "managed",
      "type": "aws_security_group",
      "name": "UbuntuSG",
      "provider": "provider[\"registry.terraform.io/hashicorp/aws\"]",
      "instances": [
        {
          "schema_version": 1,
          "attributes": {
            "arn": "arn:aws:ec2:us-east-1:225989354889:security-group/sg-091fc120c5133d054",
            "description": "Managed by Terraform",
            "egress": [
              {
                "cidr_blocks": [
                  "0.0.0.0/0"
                ],
                "description": "",
                "from_port": 0,
                "ipv6_cidr_blocks": [],
                "prefix_list_ids": [],
                "protocol": "-1",
                "security_groups": [],
                "self": false,
                "to_port": 0
              }
            ],
            "id": "sg-091fc120c5133d054",
            "ingress": [
              {
                "cidr_blocks": [
                  "0.0.0.0/0"
                ],
                "description": "",
                "from_port": 22,
                "ipv6_cidr_blocks": [],
                "prefix_list_ids": [],
                "protocol": "tcp",
                "security_groups": [],
                "self": false,
                "to_port": 22
              },
              {
                "cidr_blocks": [
                  "0.0.0.0/0"
                ],
                "description": "",
                "from_port": 80,
                "ipv6_cidr_blocks": [],
                "prefix_list_ids": [],
                "protocol": "tcp",
                "security_groups": [],
                "self": false,
                "to_port": 80
              }
            ],
            "name": "terraform-20241013140404408700000001",
            "name_prefix": "terraform-",
            "owner_id": "225989354889",
            "revoke_rules_on_delete": false,
            "tags": {
              "Environment": "DEPI",
              "Name": "ubuntu-instance",
              "Owner": "Ibrahim Aamer"
            },
            "tags_all": {
              "Environment": "DEPI",
              "Name": "ubuntu-instance",
              "Owner": "Ibrahim Aamer"
            },
            "timeouts": null,
            "vpc_id": "vpc-0c1701854b7c563a8"
          },
          "sensitive_attributes": [],
          "private": "eyJlMmJmYjczMC1lY2FhLTExZTYtOGY4OC0zNDM2M2JjN2M0YzAiOnsiY3JlYXRlIjo2MDAwMDAwMDAwMDAsImRlbGV0ZSI6OTAwMDAwMDAwMDAwfSwic2NoZW1hX3ZlcnNpb24iOiIxIn0=",
          "dependencies": [
            "aws_vpc.main_vpc"
          ]
        }
      ]
    },
    {
      "mode": "managed",
      "type": "aws_subnet",
      "name": "subnet_public_1",
      "provider": "provider[\"registry.terraform.io/hashicorp/aws\"]",
      "instances": [
        {
          "schema_version": 1,
          "attributes": {
            "arn": "arn:aws:ec2:us-east-1:225989354889:subnet/subnet-02b546575122cc8bd",
            "assign_ipv6_address_on_creation": false,
            "availability_zone": "us-east-1a",
            "availability_zone_id": "use1-az2",
            "cidr_block": "10.0.0.0/24",
            "customer_owned_ipv4_pool": "",
            "enable_dns64": false,
            "enable_lni_at_device_index": 0,
            "enable_resource_name_dns_a_record_on_launch": false,
            "enable_resource_name_dns_aaaa_record_on_launch": false,
            "id": "subnet-02b546575122cc8bd",
            "ipv6_cidr_block": "",
            "ipv6_cidr_block_association_id": "",
            "ipv6_native": false,
            "map_customer_owned_ip_on_launch": false,
            "map_public_ip_on_launch": true,
            "outpost_arn": "",
            "owner_id": "225989354889",
            "private_dns_hostname_type_on_launch": "ip-name",
            "tags": {
              "Environment": "DEPI",
              "Name": "subnet-public-1",
              "Owner": "Ibrahim Aamer"
            },
            "tags_all": {
              "Environment": "DEPI",
              "Name": "subnet-public-1",
              "Owner": "Ibrahim Aamer"
            },
            "timeouts": null,
            "vpc_id": "vpc-0c1701854b7c563a8"
          },
          "sensitive_attributes": [],
          "private": "eyJlMmJmYjczMC1lY2FhLTExZTYtOGY4OC0zNDM2M2JjN2M0YzAiOnsiY3JlYXRlIjo2MDAwMDAwMDAwMDAsImRlbGV0ZSI6MTIwMDAwMDAwMDAwMH0sInNjaGVtYV92ZXJzaW9uIjoiMSJ9",
          "dependencies": [
            "aws_vpc.main_vpc"
          ]
        }
      ]
    },
    {
      "mode": "managed",
      "type": "aws_vpc",
      "name": "main_vpc",
      "provider": "provider[\"registry.terraform.io/hashicorp/aws\"]",
      "instances": [
        {
          "schema_version": 1,
          "attributes": {
            "arn": "arn:aws:ec2:us-east-1:225989354889:vpc/vpc-0c1701854b7c563a8",
            "assign_generated_ipv6_cidr_block": false,
            "cidr_block": "10.0.0.0/16",
            "default_network_acl_id": "acl-0f6de079da2a841c3",
            "default_route_table_id": "rtb-077af428c6186a16c",
            "default_security_group_id": "sg-0e034ce83e275aed0",
            "dhcp_options_id": "dopt-080f439414a92df31",
            "enable_dns_hostnames": true,
            "enable_dns_support": true,
            "enable_network_address_usage_metrics": false,
            "id": "vpc-0c1701854b7c563a8",
            "instance_tenancy": "default",
            "ipv4_ipam_pool_id": null,
            "ipv4_netmask_length": null,
            "ipv6_association_id": "",
            "ipv6_cidr_block": "",
            "ipv6_cidr_block_network_border_group": "",
            "ipv6_ipam_pool_id": "",
            "ipv6_netmask_length": 0,
            "main_route_table_id": "rtb-077af428c6186a16c",
            "owner_id": "225989354889",
            "tags": {
              "Environment": "DEPI",
              "Name": "main_vpc",
              "Owner": "Ibrahim Aamer"
            },
            "tags_all": {
              "Environment": "DEPI",
              "Name": "main_vpc",
              "Owner": "Ibrahim Aamer"
            }
          },
          "sensitive_attributes": [],
          "private": "eyJzY2hlbWFfdmVyc2lvbiI6IjEifQ=="
        }
      ]
    },
    {
      "mode": "managed",
      "type": "null_resource",
      "name": "generate_inventory",
      "provider": "provider[\"registry.terraform.io/hashicorp/null\"]",
      "instances": [
        {
          "schema_version": 0,
          "attributes": {
            "id": "7510746023773802761",
            "triggers": null
          },
          "sensitive_attributes": [],
          "dependencies": [
            "aws_instance.ubuntu-instance",
            "aws_key_pair.UbuntuKP",
            "aws_security_group.UbuntuSG",
            "aws_subnet.subnet_public_1",
            "aws_vpc.main_vpc",
            "tls_private_key.pk"
          ]
        }
      ]
    },
    {
      "mode": "managed",
      "type": "tls_private_key",
      "name": "pk",
      "provider": "provider[\"registry.terraform.io/hashicorp/tls\"]",
      "instances": [
        {
          "schema_version": 1,
          "attributes": {
            "algorithm": "RSA",
            "ecdsa_curve": "P224",
            "id": "58a2f10aaff67a71dad2ffab734bc9c437b941ad",
            "private_key_openssh": "-----BEGIN OPENSSH PRIVATE KEY-----\nb3BlbnNzaC1rZXktdjEAAAAABG5vbmUAAAAEbm9uZQAAAAAAAAABAAACFwAAAAdz\nc2gtcnNhAAAAAwEAAQAAAgEAuai2MYt0ABj1/DTcgDPs20UKDg0SjWDPrglQU9fg\nYrtsmZjZfz4bdGQKBI6e1ETTiAEh18sFnnp5RvOcPrFlSMUDYwt/We+xzhWwKk8o\nLySKca3POdSzRvF7yfNBQ1F18JYDy/hrrh3wvFsfItT+2hM4Be61TNbdF736T/nY\n4NGTsAGee4W800H1M+wduMBfyOuft7t32AmmNJU2KuI2TwliwpHAuJrdrVhKkMCQ\n2u07vIu8exckqk4eyMI80SkDcloGYgyeKyzKL2WIiQW6ekkN1JyGPPzDtNyXj2Qj\nl+kyK7P+Dfw6AGes8SYYLnFkKmBjYmBAwUDAAnPfzivKdhXBk2FIvS9N2iXffrZz\nouPyy6YGKWCcpO3sPik8TkHSvw4VMnhhyHO0Rsd0fwWev2lw4QN9Z1eX++CG3VnT\nROiiowVmwvKVbQx3tD78TL58mIKiUzfv+Ec+oGbj5nrv871X6J8WWOiZxxhOxHSu\nxd47z9/HQeWttP4xu7/idvBET4LCvzG9OwImJjYir1HldfjFkkkDENxysDlZKw9b\nNIV2+e6cRXtvF29GSqqDGF1JxqH9QkeNduObs5Czz900Fm5Hl1qpAj3XjwGsQQfg\nsoTwsGKV82mcT7w5tKREQ6XmwlZo/ukexeQT+yWdi2VGaykujJj02C8v5RaSTKm+\nsX8AAAc4W7Z1x1u2dccAAAAHc3NoLXJzYQAAAgEAuai2MYt0ABj1/DTcgDPs20UK\nDg0SjWDPrglQU9fgYrtsmZjZfz4bdGQKBI6e1ETTiAEh18sFnnp5RvOcPrFlSMUD\nYwt/We+xzhWwKk8oLySKca3POdSzRvF7yfNBQ1F18JYDy/hrrh3wvFsfItT+2hM4\nBe61TNbdF736T/nY4NGTsAGee4W800H1M+wduMBfyOuft7t32AmmNJU2KuI2Twli\nwpHAuJrdrVhKkMCQ2u07vIu8exckqk4eyMI80SkDcloGYgyeKyzKL2WIiQW6ekkN\n1JyGPPzDtNyXj2Qjl+kyK7P+Dfw6AGes8SYYLnFkKmBjYmBAwUDAAnPfzivKdhXB\nk2FIvS9N2iXffrZzouPyy6YGKWCcpO3sPik8TkHSvw4VMnhhyHO0Rsd0fwWev2lw\n4QN9Z1eX++CG3VnTROiiowVmwvKVbQx3tD78TL58mIKiUzfv+Ec+oGbj5nrv871X\n6J8WWOiZxxhOxHSuxd47z9/HQeWttP4xu7/idvBET4LCvzG9OwImJjYir1HldfjF\nkkkDENxysDlZKw9bNIV2+e6cRXtvF29GSqqDGF1JxqH9QkeNduObs5Czz900Fm5H\nl1qpAj3XjwGsQQfgsoTwsGKV82mcT7w5tKREQ6XmwlZo/ukexeQT+yWdi2VGayku\njJj02C8v5RaSTKm+sX8AAAADAQABAAACAEpqyqSvTg7f8nFmSuAEcDMvyCj7qm0K\n2hPbXdxNkn5gu9YRQ1TSczTDCJTtCdLxx4wjUApsMVNlqgj7iqxCdOOnPIVNzX0i\nK7X8UYGT+vpyfh+02HRIwpd0Ifc/zvAJzeliaCEw8RB4pc8KAz/1+jU1MOaH2Rn0\noehrWNMHxZvPxY/uBjVi1N4k+QEX6o3sZjhl4b5GoXHx5DH9gRnNVJF3pKNywrn8\nMVDTLAg7d5SZNLGNnT4Fd8ffyk0UNkZsVxpV5WsVvax2ppA69XBe4HE1qRqIpvH5\nKwTqysFKFU5FxbtoyTOX3zPcWqDKcTTkdI7b1dpP1IThzFTvV00PlnXxJh60y/KS\n1mevQCMUX31CXkVSfnJxSIE+Q3xHEQLe6uWaYLPvimeTvjw0k3rf9/Eeg96hLKps\nRn2utNsKWlhVM7THBbz5d7YP7fobruA1dGWmvwX90wIYfz9CthiUA66vCEZyX3Mh\nmMcmF7HBPn8N8CtlQ3ug41R8uWN56PF4OxkZDrdAmsw4yWJ4jFOZn30s+qdj6vPn\nHkXJQpCratbrNeU4/TqwAVLSNdDCiXd2EHH9DPG3Atl4GKqDtI65/XthHQoDH8n5\nStUOGPT0B3UoIlRxdTKaIvXL1J6u1Akj4FicTQpYQC9ldeLR/fHOm4vwtE5GWQBT\ndNyfVDRa1FNRAAABAQDohU+gwtrWZupPELxtblChNX0xPlQbarq2dvhq0iwSpZQf\nBKQl9kLU+tN6vZ4O7rOR+or2V1zRrXZDwHlb336/6+6cii4vizBLvlTfAFj/qlpn\niBiAunHAMKS8XKSfWUmW1WDhkixuzAYdfqOKRPS4Gnq/tkJvGtZELMI+4XAO4JMB\n07buEOZ4tWmaHWBTMTay++DMaek0zW35rgNZDejQbt6bln2kKBzAMhvs4QC541eI\nzwzBjB5erMs3hN0iTJjCL1wuj1P2dS8LkYUN/WHGqwGjXLHaSEXZxCiQxWv9DE/V\nWkLDifZPupgGOIaeUA0WwImtwmyYlYIIgRvb7KUQAAABAQDugr0BvNcsnDoODBbq\nRKHB0XeQl0K9QR9Uf76yIUxCZZ0t+mbFSfahbsHFXDkeLTB2u7uCjV/U3fp1yJRz\nRQV3ZhXxWSbdAIBBT0u1rgOuNHPDUmFfyze/I6tV/TsJVppUy8FBybQXN7jhKrQn\nP/SIKGkidCf7/EUHDyMcgrjzSNqoL2DO5mm+M5GJqgNnjI0dVmCWVBqJehq1FLtT\nG5ApFDLmjlI52BkwqF+Ucb1x4000lJfH4WMyRN0oISTzHVri69UWzd8QqOvn4X1T\nHLKT6HPzmUuijMQ0B1ynsaA/BqPv0mPB3mhUmHnXmMbyaJKRJfBgKSmWwadlXhuq\n2z+XAAABAQDHRdr+Sp7kJva4/upF1rcg8iKFcsA+gO3WbCbMAQSDQ2rRBpIzJLEp\n0M9d6xldEkwFwAVX+aHljgZ5Dc8hdl/1CC4N5hooWDTYI2OeRySkYCosj4Gb3mQ/\njEm+WsrNmiQ9nCajETPAjcGM18JepAO5n0NUnzuWzzwjoi4b7em7uNWOIBkS/sPm\nHRjcKEBsyaLBJKOHD11e2U/uCij8BF4gNdPqeRfvckPDNx/4fQ9+yh6qEH4ZdSrF\nK20HVVYJefm0Oev+MsazyVm9FaqkKlLqz1ZUNdSkTawS3lz7Sgaypn/n+vyEHAdR\nWm09haa61RbksB90sA6kExAch+WnedpZAAAAAAEC\n-----END OPENSSH PRIVATE KEY-----\n",
            "private_key_pem": "-----BEGIN RSA PRIVATE KEY-----\nMIIJKQIBAAKCAgEAuai2MYt0ABj1/DTcgDPs20UKDg0SjWDPrglQU9fgYrtsmZjZ\nfz4bdGQKBI6e1ETTiAEh18sFnnp5RvOcPrFlSMUDYwt/We+xzhWwKk8oLySKca3P\nOdSzRvF7yfNBQ1F18JYDy/hrrh3wvFsfItT+2hM4Be61TNbdF736T/nY4NGTsAGe\ne4W800H1M+wduMBfyOuft7t32AmmNJU2KuI2TwliwpHAuJrdrVhKkMCQ2u07vIu8\nexckqk4eyMI80SkDcloGYgyeKyzKL2WIiQW6ekkN1JyGPPzDtNyXj2Qjl+kyK7P+\nDfw6AGes8SYYLnFkKmBjYmBAwUDAAnPfzivKdhXBk2FIvS9N2iXffrZzouPyy6YG\nKWCcpO3sPik8TkHSvw4VMnhhyHO0Rsd0fwWev2lw4QN9Z1eX++CG3VnTROiiowVm\nwvKVbQx3tD78TL58mIKiUzfv+Ec+oGbj5nrv871X6J8WWOiZxxhOxHSuxd47z9/H\nQeWttP4xu7/idvBET4LCvzG9OwImJjYir1HldfjFkkkDENxysDlZKw9bNIV2+e6c\nRXtvF29GSqqDGF1JxqH9QkeNduObs5Czz900Fm5Hl1qpAj3XjwGsQQfgsoTwsGKV\n82mcT7w5tKREQ6XmwlZo/ukexeQT+yWdi2VGaykujJj02C8v5RaSTKm+sX8CAwEA\nAQKCAgBKasqkr04O3/JxZkrgBHAzL8go+6ptCtoT213cTZJ+YLvWEUNU0nM0wwiU\n7QnS8ceMI1AKbDFTZaoI+4qsQnTjpzyFTc19Iiu1/FGBk/r6cn4ftNh0SMKXdCH3\nP87wCc3pYmghMPEQeKXPCgM/9fo1NTDmh9kZ9KHoa1jTB8Wbz8WP7gY1YtTeJPkB\nF+qN7GY4ZeG+RqFx8eQx/YEZzVSRd6SjcsK5/DFQ0ywIO3eUmTSxjZ0+BXfH38pN\nFDZGbFcaVeVrFb2sdqaQOvVwXuBxNakaiKbx+SsE6srBShVORcW7aMkzl98z3Fqg\nynE05HSO29XaT9SE4cxU71dND5Z18SYetMvyktZnr0AjFF99Ql5FUn5ycUiBPkN8\nRxEC3urlmmCz74pnk748NJN63/fxHoPeoSyqbEZ9rrTbClpYVTO0xwW8+Xe2D+36\nG67gNXRlpr8F/dMCGH8/QrYYlAOurwhGcl9zIZjHJhexwT5/DfArZUN7oONUfLlj\neejxeDsZGQ63QJrMOMlieIxTmZ99LPqnY+rz5x5FyUKQq2rW6zXlOP06sAFS0jXQ\nwol3dhBx/QzxtwLZeBiqg7SOuf17YR0KAx/J+UrVDhj09Ad1KCJUcXUymiL1y9Se\nrtQJI+BYnE0KWEAvZXXi0f3xzpuL8LRORlkAU3Tcn1Q0WtRTUQKCAQEA7oK9AbzX\nLJw6DgwW6kShwdF3kJdCvUEfVH++siFMQmWdLfpmxUn2oW7BxVw5Hi0wdru7go1f\n1N36dciUc0UFd2YV8Vkm3QCAQU9Lta4DrjRzw1JhX8s3vyOrVf07CVaaVMvBQcm0\nFze44Sq0Jz/0iChpInQn+/xFBw8jHIK480jaqC9gzuZpvjORiaoDZ4yNHVZgllQa\niXoatRS7UxuQKRQy5o5SOdgZMKhflHG9ceNNNJSXx+FjMkTdKCEk8x1a4uvVFs3f\nEKjr5+F9Uxyyk+hz85lLoozENAdcp7GgPwaj79Jjwd5oVJh515jG8miSkSXwYCkp\nlsGnZV4bqts/lwKCAQEAx0Xa/kqe5Cb2uP7qRda3IPIihXLAPoDt1mwmzAEEg0Nq\n0QaSMySxKdDPXesZXRJMBcAFV/mh5Y4GeQ3PIXZf9QguDeYaKFg02CNjnkckpGAq\nLI+Bm95kP4xJvlrKzZokPZwmoxEzwI3BjNfCXqQDuZ9DVJ87ls88I6IuG+3pu7jV\njiAZEv7D5h0Y3ChAbMmiwSSjhw9dXtlP7goo/AReIDXT6nkX73JDwzcf+H0Pfsoe\nqhB+GXUqxSttB1VWCXn5tDnr/jLGs8lZvRWqpCpS6s9WVDXUpE2sEt5c+0oGsqZ/\n5/r8hBwHUVptPYWmutUW5LAfdLAOpBMQHIflp3naWQKCAQBdxVzV4A6g5VMVzr77\nn7wQ3W+qky2UBpRwvkCU++5ldFnVh8r76dZjJY5dL6LtMEsLg0d3TmnM4PDledST\ndSFvDd22o5xZ6yaBhtF3PlEIHmsc8biC1vy10yo7hnG9fCT1DZ6PZOO+9RNkw0tM\n2yIinfCnsQ8/TLE+0z60qNhaHdyJnwbqkUAlnVSs0QDBp0qbrCgRMkO0pSL26o2z\nYPTOkbhpWK8POty8epYJYKZgrkLeV0VNOlmrm9NvQYirZHElIh8G9i2q+R62bbq+\nAFxdNljP/wbzg3BoHDTbYURlQxEU6px5zh0qlT/h+ZjOGTr2gfn9dHF7aeuMOPGb\nvNNFAoIBAQDCCK0SiwpoUeBPhjgLxOUQOXWPx4qV0ejErw6f+iWwwsaRvfpBvmqb\nsu0YIEHUNGq99pm9bh9MbJy05tNXW/JXn51ofzPdMPZTtzHa/p8ZR2IJfbrQUR4A\nGtP7fGCZDoxXSWL9yVRBHEboo3ZpvP67ke53yYy2bhe7AsIvA9xho7qd53dC3btW\np+J7DN6ejz/hHZH1guqB3sxLlq0NqBsW9hLg7wR1bSe6QETrKqsZ5Ckzo1eF5ma9\nEmnZiCh8lb6k1PmLzVlZ2qd8zEoaC/QtG7KN0NS7H757qPWU4iHfdux4sBWNddVS\nS+Cu1SLiLXdbOnuGnZ/D96PqhBEEoEwRAoIBAQDohU+gwtrWZupPELxtblChNX0x\nPlQbarq2dvhq0iwSpZQfBKQl9kLU+tN6vZ4O7rOR+or2V1zRrXZDwHlb336/6+6c\nii4vizBLvlTfAFj/qlpniBiAunHAMKS8XKSfWUmW1WDhkixuzAYdfqOKRPS4Gnq/\ntkJvGtZELMI+4XAO4JMB07buEOZ4tWmaHWBTMTay++DMaek0zW35rgNZDejQbt6b\nln2kKBzAMhvs4QC541eIzwzBjB5erMs3hN0iTJjCL1wuj1P2dS8LkYUN/WHGqwGj\nXLHaSEXZxCiQxWv9DE/VWkLDifZPupgGOIaeUA0WwImtwmyYlYIIgRvb7KUQ\n-----END RSA PRIVATE KEY-----\n",
            "private_key_pem_pkcs8": "-----BEGIN PRIVATE KEY-----\nMIIJQwIBADANBgkqhkiG9w0BAQEFAASCCS0wggkpAgEAAoICAQC5qLYxi3QAGPX8\nNNyAM+zbRQoODRKNYM+uCVBT1+Biu2yZmNl/Pht0ZAoEjp7URNOIASHXywWeenlG\n85w+sWVIxQNjC39Z77HOFbAqTygvJIpxrc851LNG8XvJ80FDUXXwlgPL+GuuHfC8\nWx8i1P7aEzgF7rVM1t0XvfpP+djg0ZOwAZ57hbzTQfUz7B24wF/I65+3u3fYCaY0\nlTYq4jZPCWLCkcC4mt2tWEqQwJDa7Tu8i7x7FySqTh7IwjzRKQNyWgZiDJ4rLMov\nZYiJBbp6SQ3UnIY8/MO03JePZCOX6TIrs/4N/DoAZ6zxJhgucWQqYGNiYEDBQMAC\nc9/OK8p2FcGTYUi9L03aJd9+tnOi4/LLpgYpYJyk7ew+KTxOQdK/DhUyeGHIc7RG\nx3R/BZ6/aXDhA31nV5f74IbdWdNE6KKjBWbC8pVtDHe0PvxMvnyYgqJTN+/4Rz6g\nZuPmeu/zvVfonxZY6JnHGE7EdK7F3jvP38dB5a20/jG7v+J28ERPgsK/Mb07AiYm\nNiKvUeV1+MWSSQMQ3HKwOVkrD1s0hXb57pxFe28Xb0ZKqoMYXUnGof1CR41245uz\nkLPP3TQWbkeXWqkCPdePAaxBB+CyhPCwYpXzaZxPvDm0pERDpebCVmj+6R7F5BP7\nJZ2LZUZrKS6MmPTYLy/lFpJMqb6xfwIDAQABAoICAEpqyqSvTg7f8nFmSuAEcDMv\nyCj7qm0K2hPbXdxNkn5gu9YRQ1TSczTDCJTtCdLxx4wjUApsMVNlqgj7iqxCdOOn\nPIVNzX0iK7X8UYGT+vpyfh+02HRIwpd0Ifc/zvAJzeliaCEw8RB4pc8KAz/1+jU1\nMOaH2Rn0oehrWNMHxZvPxY/uBjVi1N4k+QEX6o3sZjhl4b5GoXHx5DH9gRnNVJF3\npKNywrn8MVDTLAg7d5SZNLGNnT4Fd8ffyk0UNkZsVxpV5WsVvax2ppA69XBe4HE1\nqRqIpvH5KwTqysFKFU5FxbtoyTOX3zPcWqDKcTTkdI7b1dpP1IThzFTvV00PlnXx\nJh60y/KS1mevQCMUX31CXkVSfnJxSIE+Q3xHEQLe6uWaYLPvimeTvjw0k3rf9/Ee\ng96hLKpsRn2utNsKWlhVM7THBbz5d7YP7fobruA1dGWmvwX90wIYfz9CthiUA66v\nCEZyX3MhmMcmF7HBPn8N8CtlQ3ug41R8uWN56PF4OxkZDrdAmsw4yWJ4jFOZn30s\n+qdj6vPnHkXJQpCratbrNeU4/TqwAVLSNdDCiXd2EHH9DPG3Atl4GKqDtI65/Xth\nHQoDH8n5StUOGPT0B3UoIlRxdTKaIvXL1J6u1Akj4FicTQpYQC9ldeLR/fHOm4vw\ntE5GWQBTdNyfVDRa1FNRAoIBAQDugr0BvNcsnDoODBbqRKHB0XeQl0K9QR9Uf76y\nIUxCZZ0t+mbFSfahbsHFXDkeLTB2u7uCjV/U3fp1yJRzRQV3ZhXxWSbdAIBBT0u1\nrgOuNHPDUmFfyze/I6tV/TsJVppUy8FBybQXN7jhKrQnP/SIKGkidCf7/EUHDyMc\ngrjzSNqoL2DO5mm+M5GJqgNnjI0dVmCWVBqJehq1FLtTG5ApFDLmjlI52BkwqF+U\ncb1x4000lJfH4WMyRN0oISTzHVri69UWzd8QqOvn4X1THLKT6HPzmUuijMQ0B1yn\nsaA/BqPv0mPB3mhUmHnXmMbyaJKRJfBgKSmWwadlXhuq2z+XAoIBAQDHRdr+Sp7k\nJva4/upF1rcg8iKFcsA+gO3WbCbMAQSDQ2rRBpIzJLEp0M9d6xldEkwFwAVX+aHl\njgZ5Dc8hdl/1CC4N5hooWDTYI2OeRySkYCosj4Gb3mQ/jEm+WsrNmiQ9nCajETPA\njcGM18JepAO5n0NUnzuWzzwjoi4b7em7uNWOIBkS/sPmHRjcKEBsyaLBJKOHD11e\n2U/uCij8BF4gNdPqeRfvckPDNx/4fQ9+yh6qEH4ZdSrFK20HVVYJefm0Oev+Msaz\nyVm9FaqkKlLqz1ZUNdSkTawS3lz7Sgaypn/n+vyEHAdRWm09haa61RbksB90sA6k\nExAch+WnedpZAoIBAF3FXNXgDqDlUxXOvvufvBDdb6qTLZQGlHC+QJT77mV0WdWH\nyvvp1mMljl0vou0wSwuDR3dOaczg8OV51JN1IW8N3bajnFnrJoGG0Xc+UQgeaxzx\nuILW/LXTKjuGcb18JPUNno9k4771E2TDS0zbIiKd8KexDz9MsT7TPrSo2Fod3Imf\nBuqRQCWdVKzRAMGnSpusKBEyQ7SlIvbqjbNg9M6RuGlYrw863Lx6lglgpmCuQt5X\nRU06Waub029BiKtkcSUiHwb2Lar5HrZtur4AXF02WM//BvODcGgcNNthRGVDERTq\nnHnOHSqVP+H5mM4ZOvaB+f10cXtp64w48Zu800UCggEBAMIIrRKLCmhR4E+GOAvE\n5RA5dY/HipXR6MSvDp/6JbDCxpG9+kG+apuy7RggQdQ0ar32mb1uH0xsnLTm01db\n8lefnWh/M90w9lO3Mdr+nxlHYgl9utBRHgAa0/t8YJkOjFdJYv3JVEEcRuijdmm8\n/ruR7nfJjLZuF7sCwi8D3GGjup3nd0Ldu1an4nsM3p6PP+EdkfWC6oHezEuWrQ2o\nGxb2EuDvBHVtJ7pAROsqqxnkKTOjV4XmZr0SadmIKHyVvqTU+YvNWVnap3zMShoL\n9C0bso3Q1Lsfvnuo9ZTiId927HiwFY111VJL4K7VIuItd1s6e4adn8P3o+qEEQSg\nTBECggEBAOiFT6DC2tZm6k8QvG1uUKE1fTE+VBtqurZ2+GrSLBKllB8EpCX2QtT6\n03q9ng7us5H6ivZXXNGtdkPAeVvffr/r7pyKLi+LMEu+VN8AWP+qWmeIGIC6ccAw\npLxcpJ9ZSZbVYOGSLG7MBh1+o4pE9Lgaer+2Qm8a1kQswj7hcA7gkwHTtu4Q5ni1\naZodYFMxNrL74Mxp6TTNbfmuA1kN6NBu3puWfaQoHMAyG+zhALnjV4jPDMGMHl6s\nyzeE3SJMmMIvXC6PU/Z1LwuRhQ39YcarAaNcsdpIRdnEKJDFa/0MT9VaQsOJ9k+6\nmAY4hp5QDRbAia3CbJiVggiBG9vspRA=\n-----END PRIVATE KEY-----\n",
            "public_key_fingerprint_md5": "92:13:38:35:c2:50:ca:dc:90:8a:b3:18:57:c5:a1:e4",
            "public_key_fingerprint_sha256": "SHA256:0SfS4IIfazeKq8vPvbkXUe2ZiHGQhuytM7blzmvVbfk",
            "public_key_openssh": "ssh-rsa AAAAB3NzaC1yc2EAAAADAQABAAACAQC5qLYxi3QAGPX8NNyAM+zbRQoODRKNYM+uCVBT1+Biu2yZmNl/Pht0ZAoEjp7URNOIASHXywWeenlG85w+sWVIxQNjC39Z77HOFbAqTygvJIpxrc851LNG8XvJ80FDUXXwlgPL+GuuHfC8Wx8i1P7aEzgF7rVM1t0XvfpP+djg0ZOwAZ57hbzTQfUz7B24wF/I65+3u3fYCaY0lTYq4jZPCWLCkcC4mt2tWEqQwJDa7Tu8i7x7FySqTh7IwjzRKQNyWgZiDJ4rLMovZYiJBbp6SQ3UnIY8/MO03JePZCOX6TIrs/4N/DoAZ6zxJhgucWQqYGNiYEDBQMACc9/OK8p2FcGTYUi9L03aJd9+tnOi4/LLpgYpYJyk7ew+KTxOQdK/DhUyeGHIc7RGx3R/BZ6/aXDhA31nV5f74IbdWdNE6KKjBWbC8pVtDHe0PvxMvnyYgqJTN+/4Rz6gZuPmeu/zvVfonxZY6JnHGE7EdK7F3jvP38dB5a20/jG7v+J28ERPgsK/Mb07AiYmNiKvUeV1+MWSSQMQ3HKwOVkrD1s0hXb57pxFe28Xb0ZKqoMYXUnGof1CR41245uzkLPP3TQWbkeXWqkCPdePAaxBB+CyhPCwYpXzaZxPvDm0pERDpebCVmj+6R7F5BP7JZ2LZUZrKS6MmPTYLy/lFpJMqb6xfw==\n",
            "public_key_pem": "-----BEGIN PUBLIC KEY-----\nMIICIjANBgkqhkiG9w0BAQEFAAOCAg8AMIICCgKCAgEAuai2MYt0ABj1/DTcgDPs\n20UKDg0SjWDPrglQU9fgYrtsmZjZfz4bdGQKBI6e1ETTiAEh18sFnnp5RvOcPrFl\nSMUDYwt/We+xzhWwKk8oLySKca3POdSzRvF7yfNBQ1F18JYDy/hrrh3wvFsfItT+\n2hM4Be61TNbdF736T/nY4NGTsAGee4W800H1M+wduMBfyOuft7t32AmmNJU2KuI2\nTwliwpHAuJrdrVhKkMCQ2u07vIu8exckqk4eyMI80SkDcloGYgyeKyzKL2WIiQW6\nekkN1JyGPPzDtNyXj2Qjl+kyK7P+Dfw6AGes8SYYLnFkKmBjYmBAwUDAAnPfzivK\ndhXBk2FIvS9N2iXffrZzouPyy6YGKWCcpO3sPik8TkHSvw4VMnhhyHO0Rsd0fwWe\nv2lw4QN9Z1eX++CG3VnTROiiowVmwvKVbQx3tD78TL58mIKiUzfv+Ec+oGbj5nrv\n871X6J8WWOiZxxhOxHSuxd47z9/HQeWttP4xu7/idvBET4LCvzG9OwImJjYir1Hl\ndfjFkkkDENxysDlZKw9bNIV2+e6cRXtvF29GSqqDGF1JxqH9QkeNduObs5Czz900\nFm5Hl1qpAj3XjwGsQQfgsoTwsGKV82mcT7w5tKREQ6XmwlZo/ukexeQT+yWdi2VG\naykujJj02C8v5RaSTKm+sX8CAwEAAQ==\n-----END PUBLIC KEY-----\n",
            "rsa_bits": 4096
          },
          "sensitive_attributes": [
            [
              {
                "type": "get_attr",
                "value": "private_key_pem"
              }
            ],
            [
              {
                "type": "get_attr",
                "value": "private_key_openssh"
              }
            ],
            [
              {
                "type": "get_attr",
                "value": "private_key_pem_pkcs8"
              }
            ]
          ]
        }
      ]
    }
  ],
  "check_results": null
}
